
Microsoft Visual Studio Solution File, Format Version 12.00
# Visual Studio 15
VisualStudioVersion = 15.0.28307.1145
MinimumVisualStudioVersion = 10.0.40219.1
Project("{FAE04EC0-301F-11D3-BF4B-00C04F79EFBC}") = "EnglishHelper", "EnglishHelper\EnglishHelper.csproj", "{AFE1599A-595E-4BDD-8D98-1F0B0E46EB36}"
EndProject
Global
	GlobalSection(SolutionConfigurationPlatforms) = preSolution
		Debug|Any CPU = Debug|Any CPU
		Release|Any CPU = Release|Any CPU
	EndGlobalSection
	GlobalSection(ProjectConfigurationPlatforms) = postSolution
		{AFE1599A-595E-4BDD-8D98-1F0B0E46EB36}.Debug|Any CPU.ActiveCfg = Debug|Any CPU
		{AFE1599A-595E-4BDD-8D98-1F0B0E46EB36}.Debug|Any CPU.Build.0 = Debug|Any CPU
		{AFE1599A-595E-4BDD-8D98-1F0B0E46EB36}.Release|Any CPU.ActiveCfg = Release|Any CPU
		{AFE1599A-595E-4BDD-8D98-1F0B0E46EB36}.Release|Any CPU.Build.0 = Release|Any CPU
	EndGlobalSection
	GlobalSection(SolutionProperties) = preSolution
		HideSolutionNode = FALSE
	EndGlobalSection
	GlobalSection(ExtensibilityGlobals) = postSolution
		SolutionGuid = {5DC04F3B-8ECD-418A-A072-7C82A9C66035}
	EndGlobalSection
EndGlobal
